{
  "name": "@berhalak/stoper",
  "version": "0.0.1",
  "lockfileVersion": 1,
  "requires": true,
  "dependencies": {
    "@types/luxon": {
      "version": "2.0.9",
      "resolved": "https://registry.npmjs.org/@types/luxon/-/luxon-2.0.9.tgz",
      "integrity": "sha512-ZuzIc7aN+i2ZDMWIiSmMdubR9EMMSTdEzF6R+FckP4p6xdnOYKqknTo/k+xXQvciSXlNGIwA4OPU5X7JIFzYdA==",
      "dev": true
    },
    "@types/node": {
      "version": "14.18.10",
      "resolved": "https://registry.npmjs.org/@types/node/-/node-14.18.10.tgz",
      "integrity": "sha512-6iihJ/Pp5fsFJ/aEDGyvT4pHGmCpq7ToQ/yf4bl5SbVAvwpspYJ+v3jO7n8UyjhQVHTy+KNszOozDdv+O6sovQ==",
      "dev": true
    },
    "luxon": {
      "version": "2.3.0",
      "resolved": "https://registry.npmjs.org/luxon/-/luxon-2.3.0.tgz",
      "integrity": "sha512-gv6jZCV+gGIrVKhO90yrsn8qXPKD8HYZJtrUDSfEbow8Tkw84T9OnCyJhWvnJIaIF/tBuiAjZuQHUt1LddX2mg=="
    },
    "packer-js": {
      "version": "3.0.3",
      "resolved": "https://registry.npmjs.org/packer-js/-/packer-js-3.0.3.tgz",
      "integrity": "sha512-u1TacWwuWHW3TQPmqo3kD+FYmyWO6wnJUeUGgDa7QB3h9Cau0FZa7ayO4ErYBYOFfErxBB7J98C8/C2wwlVNIA=="
    },
    "typescript": {
      "version": "4.5.5",
      "resolved": "https://registry.npmjs.org/typescript/-/typescript-4.5.5.tgz",
      "integrity": "sha512-TCTIul70LyWe6IJWT8QSYeA54WQe8EjQFU4wY52Fasj5UKx88LNYKCgBEHcOMOrFF1rKGbD8v/xcNWVUq9SymA==",
      "dev": true
    }
  }
}
